lockfileVersion: '6.0'

settings:
  autoInstallPeers: true
  excludeLinksFromLockfile: false

dependencies:
  '@8n/i18n':
    specifier: link:../node/i18n
    version: link:../node/i18n
  '@8n/i18n-bin':
    specifier: link:../node/i18n-bin
    version: link:../node/i18n-bin
  '@8n/pack':
    specifier: link:../node/pack
    version: link:../node/pack

devDependencies:
  '@w5/jsext':
    specifier: ^0.0.1
    version: 0.0.1
  '@w5/uridir':
    specifier: ^0.0.1
    version: 0.0.1

packages:

  /@w5/jsext@0.0.1:
    resolution: {integrity: sha512-y/vvMqBD0RhnZccWHj6LSqXU4BlM+em6HBxCO19p+ujrENVK9jCUxQZ83hVUpTUaNQebBWDJfotwBpvuIGW4JQ==}
    dev: true

  /@w5/uridir@0.0.1:
    resolution: {integrity: sha512-5ZNTzgVhQHvfI1apigB10XTPjTg5KgMRxdRzda3nUrRTVvzOW1b5fVkFBwv6iqDurNJIe2jiGL97Ge1445p9/g==}
    dev: true
